
Microsoft Visual Studio Solution File, Format Version 12.00
# Visual Studio 15
VisualStudioVersion = 15.0.26510.0
MinimumVisualStudioVersion = 10.0.40219.1
Project("{FAE04EC0-301F-11D3-BF4B-00C04F79EFBC}") = "StateOfTheDotNetPerformance", "StateOfTheDotNetPerformance.csproj", "{83F5A55F-1D2B-49F1-8E88-6E3A33A55000}"
EndProject
Global
	GlobalSection(SolutionConfigurationPlatforms) = preSolution
		Debug|Any CPU = Debug|Any CPU
		Release|Any CPU = Release|Any CPU
	EndGlobalSection
	GlobalSection(ProjectConfigurationPlatforms) = postSolution
		{83F5A55F-1D2B-49F1-8E88-6E3A33A55000}.Debug|Any CPU.ActiveCfg = Debug|Any CPU
		{83F5A55F-1D2B-49F1-8E88-6E3A33A55000}.Debug|Any CPU.Build.0 = Debug|Any CPU
		{83F5A55F-1D2B-49F1-8E88-6E3A33A55000}.Release|Any CPU.ActiveCfg = Release|Any CPU
		{83F5A55F-1D2B-49F1-8E88-6E3A33A55000}.Release|Any CPU.Build.0 = Release|Any CPU
	EndGlobalSection
	GlobalSection(SolutionProperties) = preSolution
		HideSolutionNode = FALSE
	EndGlobalSection
EndGlobal
